
Microsoft Visual Studio Solution File, Format Version 12.00
# Visual Studio Version 17
VisualStudioVersion = 17.7.34221.43
MinimumVisualStudioVersion = 10.0.40219.1
Project("{FAE04EC0-301F-11D3-BF4B-00C04F79EFBC}") = "QLNS1", "QLNS1.csproj", "{230F1AEF-0C1A-44CE-AFEF-488A7578EACE}"
EndProject
Global
	GlobalSection(SolutionConfigurationPlatforms) = preSolution
		Debug|Any CPU = Debug|Any CPU
		Release|Any CPU = Release|Any CPU
	EndGlobalSection
	GlobalSection(ProjectConfigurationPlatforms) = postSolution
		{230F1AEF-0C1A-44CE-AFEF-488A7578EACE}.Debug|Any CPU.ActiveCfg = Debug|Any CPU
		{230F1AEF-0C1A-44CE-AFEF-488A7578EACE}.Debug|Any CPU.Build.0 = Debug|Any CPU
		{230F1AEF-0C1A-44CE-AFEF-488A7578EACE}.Release|Any CPU.ActiveCfg = Release|Any CPU
		{230F1AEF-0C1A-44CE-AFEF-488A7578EACE}.Release|Any CPU.Build.0 = Release|Any CPU
	EndGlobalSection
	GlobalSection(SolutionProperties) = preSolution
		HideSolutionNode = FALSE
	EndGlobalSection
	GlobalSection(ExtensibilityGlobals) = postSolution
		SolutionGuid = {FF6F41BC-3D48-412C-A316-66C5013F95FE}
	EndGlobalSection
EndGlobal
